
Microsoft Visual Studio Solution File, Format Version 12.00
# Visual Studio Version 17
VisualStudioVersion = 17.5.002.0
MinimumVisualStudioVersion = 10.0.40219.1
Project("{9A19103F-16F7-4668-BE54-9A1E7A4F7556}") = "DeviceDataProcessor", "DeviceDataProcessor.csproj", "{672658D5-2081-4173-AD2E-7F45461F647F}"
EndProject
Global
	GlobalSection(SolutionConfigurationPlatforms) = preSolution
		Debug|Any CPU = Debug|Any CPU
		Release|Any CPU = Release|Any CPU
	EndGlobalSection
	GlobalSection(ProjectConfigurationPlatforms) = postSolution
		{672658D5-2081-4173-AD2E-7F45461F647F}.Debug|Any CPU.ActiveCfg = Debug|Any CPU
		{672658D5-2081-4173-AD2E-7F45461F647F}.Debug|Any CPU.Build.0 = Debug|Any CPU
		{672658D5-2081-4173-AD2E-7F45461F647F}.Release|Any CPU.ActiveCfg = Release|Any CPU
		{672658D5-2081-4173-AD2E-7F45461F647F}.Release|Any CPU.Build.0 = Release|Any CPU
	EndGlobalSection
	GlobalSection(SolutionProperties) = preSolution
		HideSolutionNode = FALSE
	EndGlobalSection
	GlobalSection(ExtensibilityGlobals) = postSolution
		SolutionGuid = {E89E0B18-0581-4B3D-BDFA-E77A6C937AFF}
	EndGlobalSection
EndGlobal
